
Microsoft Visual Studio Solution File, Format Version 12.00
# Visual Studio Version 16
VisualStudioVersion = 16.0.29306.81
MinimumVisualStudioVersion = 10.0.40219.1
Project("{FAE04EC0-301F-11D3-BF4B-00C04F79EFBC}") = "BookList", "BookList.csproj", "{7B819D3A-C72F-483D-AE77-7CEF48FD8BF4}"
EndProject
Global
	GlobalSection(SolutionConfigurationPlatforms) = preSolution
		Debug|Any CPU = Debug|Any CPU
		Release|Any CPU = Release|Any CPU
	EndGlobalSection
	GlobalSection(ProjectConfigurationPlatforms) = postSolution
		{7B819D3A-C72F-483D-AE77-7CEF48FD8BF4}.Debug|Any CPU.ActiveCfg = Debug|Any CPU
		{7B819D3A-C72F-483D-AE77-7CEF48FD8BF4}.Debug|Any CPU.Build.0 = Debug|Any CPU
		{7B819D3A-C72F-483D-AE77-7CEF48FD8BF4}.Release|Any CPU.ActiveCfg = Release|Any CPU
		{7B819D3A-C72F-483D-AE77-7CEF48FD8BF4}.Release|Any CPU.Build.0 = Release|Any CPU
	EndGlobalSection
	GlobalSection(SolutionProperties) = preSolution
		HideSolutionNode = FALSE
	EndGlobalSection
	GlobalSection(ExtensibilityGlobals) = postSolution
		SolutionGuid = {4C1B67D2-9D85-4927-84F4-0010F82EA480}
	EndGlobalSection
EndGlobal
